
Microsoft Visual Studio Solution File, Format Version 12.00
# Visual Studio Version 17
VisualStudioVersion = 17.9.34616.47
MinimumVisualStudioVersion = 10.0.40219.1
Project("{8BC9CEB8-8B4A-11D0-8D11-00A0C91BC942}") = "PAradigmaOOP2_0060", "PAradigmaOOP2_0060\PAradigmaOOP2_0060.vcxproj", "{7112C1C3-1984-4373-8EDE-6DF9EC4CA592}"
EndProject
Project("{8BC9CEB8-8B4A-11D0-8D11-00A0C91BC942}") = "noOverriding_0060", "noOverriding_0060\noOverriding_0060.vcxproj", "{92589797-683F-43DF-8804-D9DF19B1E3DE}"
EndProject
Global
	GlobalSection(SolutionConfigurationPlatforms) = preSolution
		Debug|x64 = Debug|x64
		Debug|x86 = Debug|x86
		Release|x64 = Release|x64
		Release|x86 = Release|x86
	EndGlobalSection
	GlobalSection(ProjectConfigurationPlatforms) = postSolution
		{7112C1C3-1984-4373-8EDE-6DF9EC4CA592}.Debug|x64.ActiveCfg = Debug|x64
		{7112C1C3-1984-4373-8EDE-6DF9EC4CA592}.Debug|x64.Build.0 = Debug|x64
		{7112C1C3-1984-4373-8EDE-6DF9EC4CA592}.Debug|x86.ActiveCfg = Debug|Win32
		{7112C1C3-1984-4373-8EDE-6DF9EC4CA592}.Debug|x86.Build.0 = Debug|Win32
		{7112C1C3-1984-4373-8EDE-6DF9EC4CA592}.Release|x64.ActiveCfg = Release|x64
		{7112C1C3-1984-4373-8EDE-6DF9EC4CA592}.Release|x64.Build.0 = Release|x64
		{7112C1C3-1984-4373-8EDE-6DF9EC4CA592}.Release|x86.ActiveCfg = Release|Win32
		{7112C1C3-1984-4373-8EDE-6DF9EC4CA592}.Release|x86.Build.0 = Release|Win32
		{92589797-683F-43DF-8804-D9DF19B1E3DE}.Debug|x64.ActiveCfg = Debug|x64
		{92589797-683F-43DF-8804-D9DF19B1E3DE}.Debug|x64.Build.0 = Debug|x64
		{92589797-683F-43DF-8804-D9DF19B1E3DE}.Debug|x86.ActiveCfg = Debug|Win32
		{92589797-683F-43DF-8804-D9DF19B1E3DE}.Debug|x86.Build.0 = Debug|Win32
		{92589797-683F-43DF-8804-D9DF19B1E3DE}.Release|x64.ActiveCfg = Release|x64
		{92589797-683F-43DF-8804-D9DF19B1E3DE}.Release|x64.Build.0 = Release|x64
		{92589797-683F-43DF-8804-D9DF19B1E3DE}.Release|x86.ActiveCfg = Release|Win32
		{92589797-683F-43DF-8804-D9DF19B1E3DE}.Release|x86.Build.0 = Release|Win32
	EndGlobalSection
	GlobalSection(SolutionProperties) = preSolution
		HideSolutionNode = FALSE
	EndGlobalSection
	GlobalSection(ExtensibilityGlobals) = postSolution
		SolutionGuid = {6D86250F-3394-4BFD-BEA2-412C52EFB645}
	EndGlobalSection
EndGlobal
