
Microsoft Visual Studio Solution File, Format Version 12.00
# Visual Studio Version 17
VisualStudioVersion = 17.9.34616.47
MinimumVisualStudioVersion = 10.0.40219.1
Project("{8BC9CEB8-8B4A-11D0-8D11-00A0C91BC942}") = "PAradigmaOOP2_0060", "PAradigmaOOP2_0060\PAradigmaOOP2_0060.vcxproj", "{7112C1C3-1984-4373-8EDE-6DF9EC4CA592}"
EndProject
Project("{8BC9CEB8-8B4A-11D0-8D11-00A0C91BC942}") = "noOverriding_0060", "noOverriding_0060\noOverriding_0060.vcxproj", "{92589797-683F-43DF-8804-D9DF19B1E3DE}"
EndProject
Project("{8BC9CEB8-8B4A-11D0-8D11-00A0C91BC942}") = "noPewarisan_0060", "noPewarisan_0060\noPewarisan_0060.vcxproj", "{462738CE-2CC1-48BC-ABEB-600248C803B8}"
EndProject
Project("{8BC9CEB8-8B4A-11D0-8D11-00A0C91BC942}") = "multiWaris_0060", "multiWaris_0060\multiWaris_0060.vcxproj", "{EAB71623-25D0-4D7D-AB3B-EB105BA27B9B}"
EndProject
Project("{8BC9CEB8-8B4A-11D0-8D11-00A0C91BC942}") = "solveMultiwaris_0060", "solveMultiwaris_0060\solveMultiwaris_0060.vcxproj", "{C0DAD8AE-DB59-4F45-8866-CEB4C17D17BC}"
EndProject
Project("{8BC9CEB8-8B4A-11D0-8D11-00A0C91BC942}") = "Encapsulasi_0060", "Encapsulasi_0060\Encapsulasi_0060.vcxproj", "{426187D8-1531-483F-8691-3531595D83BA}"
EndProject
Global
	GlobalSection(SolutionConfigurationPlatforms) = preSolution
		Debug|x64 = Debug|x64
		Debug|x86 = Debug|x86
		Release|x64 = Release|x64
		Release|x86 = Release|x86
	EndGlobalSection
	GlobalSection(ProjectConfigurationPlatforms) = postSolution
		{7112C1C3-1984-4373-8EDE-6DF9EC4CA592}.Debug|x64.ActiveCfg = Debug|x64
		{7112C1C3-1984-4373-8EDE-6DF9EC4CA592}.Debug|x64.Build.0 = Debug|x64
		{7112C1C3-1984-4373-8EDE-6DF9EC4CA592}.Debug|x86.ActiveCfg = Debug|Win32
		{7112C1C3-1984-4373-8EDE-6DF9EC4CA592}.Debug|x86.Build.0 = Debug|Win32
		{7112C1C3-1984-4373-8EDE-6DF9EC4CA592}.Release|x64.ActiveCfg = Release|x64
		{7112C1C3-1984-4373-8EDE-6DF9EC4CA592}.Release|x64.Build.0 = Release|x64
		{7112C1C3-1984-4373-8EDE-6DF9EC4CA592}.Release|x86.ActiveCfg = Release|Win32
		{7112C1C3-1984-4373-8EDE-6DF9EC4CA592}.Release|x86.Build.0 = Release|Win32
		{92589797-683F-43DF-8804-D9DF19B1E3DE}.Debug|x64.ActiveCfg = Debug|x64
		{92589797-683F-43DF-8804-D9DF19B1E3DE}.Debug|x64.Build.0 = Debug|x64
		{92589797-683F-43DF-8804-D9DF19B1E3DE}.Debug|x86.ActiveCfg = Debug|Win32
		{92589797-683F-43DF-8804-D9DF19B1E3DE}.Debug|x86.Build.0 = Debug|Win32
		{92589797-683F-43DF-8804-D9DF19B1E3DE}.Release|x64.ActiveCfg = Release|x64
		{92589797-683F-43DF-8804-D9DF19B1E3DE}.Release|x64.Build.0 = Release|x64
		{92589797-683F-43DF-8804-D9DF19B1E3DE}.Release|x86.ActiveCfg = Release|Win32
		{92589797-683F-43DF-8804-D9DF19B1E3DE}.Release|x86.Build.0 = Release|Win32
		{462738CE-2CC1-48BC-ABEB-600248C803B8}.Debug|x64.ActiveCfg = Debug|x64
		{462738CE-2CC1-48BC-ABEB-600248C803B8}.Debug|x64.Build.0 = Debug|x64
		{462738CE-2CC1-48BC-ABEB-600248C803B8}.Debug|x86.ActiveCfg = Debug|Win32
		{462738CE-2CC1-48BC-ABEB-600248C803B8}.Debug|x86.Build.0 = Debug|Win32
		{462738CE-2CC1-48BC-ABEB-600248C803B8}.Release|x64.ActiveCfg = Release|x64
		{462738CE-2CC1-48BC-ABEB-600248C803B8}.Release|x64.Build.0 = Release|x64
		{462738CE-2CC1-48BC-ABEB-600248C803B8}.Release|x86.ActiveCfg = Release|Win32
		{462738CE-2CC1-48BC-ABEB-600248C803B8}.Release|x86.Build.0 = Release|Win32
		{EAB71623-25D0-4D7D-AB3B-EB105BA27B9B}.Debug|x64.ActiveCfg = Debug|x64
		{EAB71623-25D0-4D7D-AB3B-EB105BA27B9B}.Debug|x64.Build.0 = Debug|x64
		{EAB71623-25D0-4D7D-AB3B-EB105BA27B9B}.Debug|x86.ActiveCfg = Debug|Win32
		{EAB71623-25D0-4D7D-AB3B-EB105BA27B9B}.Debug|x86.Build.0 = Debug|Win32
		{EAB71623-25D0-4D7D-AB3B-EB105BA27B9B}.Release|x64.ActiveCfg = Release|x64
		{EAB71623-25D0-4D7D-AB3B-EB105BA27B9B}.Release|x64.Build.0 = Release|x64
		{EAB71623-25D0-4D7D-AB3B-EB105BA27B9B}.Release|x86.ActiveCfg = Release|Win32
		{EAB71623-25D0-4D7D-AB3B-EB105BA27B9B}.Release|x86.Build.0 = Release|Win32
		{C0DAD8AE-DB59-4F45-8866-CEB4C17D17BC}.Debug|x64.ActiveCfg = Debug|x64
		{C0DAD8AE-DB59-4F45-8866-CEB4C17D17BC}.Debug|x64.Build.0 = Debug|x64
		{C0DAD8AE-DB59-4F45-8866-CEB4C17D17BC}.Debug|x86.ActiveCfg = Debug|Win32
		{C0DAD8AE-DB59-4F45-8866-CEB4C17D17BC}.Debug|x86.Build.0 = Debug|Win32
		{C0DAD8AE-DB59-4F45-8866-CEB4C17D17BC}.Release|x64.ActiveCfg = Release|x64
		{C0DAD8AE-DB59-4F45-8866-CEB4C17D17BC}.Release|x64.Build.0 = Release|x64
		{C0DAD8AE-DB59-4F45-8866-CEB4C17D17BC}.Release|x86.ActiveCfg = Release|Win32
		{C0DAD8AE-DB59-4F45-8866-CEB4C17D17BC}.Release|x86.Build.0 = Release|Win32
		{426187D8-1531-483F-8691-3531595D83BA}.Debug|x64.ActiveCfg = Debug|x64
		{426187D8-1531-483F-8691-3531595D83BA}.Debug|x64.Build.0 = Debug|x64
		{426187D8-1531-483F-8691-3531595D83BA}.Debug|x86.ActiveCfg = Debug|Win32
		{426187D8-1531-483F-8691-3531595D83BA}.Debug|x86.Build.0 = Debug|Win32
		{426187D8-1531-483F-8691-3531595D83BA}.Release|x64.ActiveCfg = Release|x64
		{426187D8-1531-483F-8691-3531595D83BA}.Release|x64.Build.0 = Release|x64
		{426187D8-1531-483F-8691-3531595D83BA}.Release|x86.ActiveCfg = Release|Win32
		{426187D8-1531-483F-8691-3531595D83BA}.Release|x86.Build.0 = Release|Win32
	EndGlobalSection
	GlobalSection(SolutionProperties) = preSolution
		HideSolutionNode = FALSE
	EndGlobalSection
	GlobalSection(ExtensibilityGlobals) = postSolution
		SolutionGuid = {6D86250F-3394-4BFD-BEA2-412C52EFB645}
	EndGlobalSection
EndGlobal
